
Microsoft Visual Studio Solution File, Format Version 12.00
# Visual Studio Version 16
VisualStudioVersion = 16.0.28803.452
MinimumVisualStudioVersion = 10.0.40219.1
Project("{151D2E53-A2C4-4D7D-83FE-D05416EBD58E}") = "trainingARM", "trainingARM\trainingARM.deployproj", "{7B61CC1F-5314-4F7F-BD76-736095F56C2B}"
EndProject
Global
	GlobalSection(SolutionConfigurationPlatforms) = preSolution
		Debug|Any CPU = Debug|Any CPU
		Release|Any CPU = Release|Any CPU
	EndGlobalSection
	GlobalSection(ProjectConfigurationPlatforms) = postSolution
		{7B61CC1F-5314-4F7F-BD76-736095F56C2B}.Debug|Any CPU.ActiveCfg = Debug|Any CPU
		{7B61CC1F-5314-4F7F-BD76-736095F56C2B}.Debug|Any CPU.Build.0 = Debug|Any CPU
		{7B61CC1F-5314-4F7F-BD76-736095F56C2B}.Release|Any CPU.ActiveCfg = Release|Any CPU
		{7B61CC1F-5314-4F7F-BD76-736095F56C2B}.Release|Any CPU.Build.0 = Release|Any CPU
	EndGlobalSection
	GlobalSection(SolutionProperties) = preSolution
		HideSolutionNode = FALSE
	EndGlobalSection
	GlobalSection(ExtensibilityGlobals) = postSolution
		SolutionGuid = {CE3728A4-60DD-49F8-8228-7CB2C7F3013A}
	EndGlobalSection
EndGlobal
